
Microsoft Visual Studio Solution File, Format Version 12.00
# Visual Studio Version 16
VisualStudioVersion = 16.0.31911.196
MinimumVisualStudioVersion = 10.0.40219.1
Project("{FAE04EC0-301F-11D3-BF4B-00C04F79EFBC}") = "CampeonatoFifaRhitmo", "CampeonatoFifaRhitmo\CampeonatoFifaRhitmo.csproj", "{604D408B-296E-491F-A52E-71114D6E479C}"
EndProject
Global
	GlobalSection(SolutionConfigurationPlatforms) = preSolution
		Debug|Any CPU = Debug|Any CPU
		Release|Any CPU = Release|Any CPU
	EndGlobalSection
	GlobalSection(ProjectConfigurationPlatforms) = postSolution
		{604D408B-296E-491F-A52E-71114D6E479C}.Debug|Any CPU.ActiveCfg = Debug|Any CPU
		{604D408B-296E-491F-A52E-71114D6E479C}.Debug|Any CPU.Build.0 = Debug|Any CPU
		{604D408B-296E-491F-A52E-71114D6E479C}.Release|Any CPU.ActiveCfg = Release|Any CPU
		{604D408B-296E-491F-A52E-71114D6E479C}.Release|Any CPU.Build.0 = Release|Any CPU
	EndGlobalSection
	GlobalSection(SolutionProperties) = preSolution
		HideSolutionNode = FALSE
	EndGlobalSection
	GlobalSection(ExtensibilityGlobals) = postSolution
		SolutionGuid = {5AEC72B8-E154-48AE-9EB4-AC955DE6108F}
	EndGlobalSection
EndGlobal
